
Microsoft Visual Studio Solution File, Format Version 12.00
# Visual Studio Version 16
VisualStudioVersion = 16.0.32228.343
MinimumVisualStudioVersion = 10.0.40219.1
Project("{FAE04EC0-301F-11D3-BF4B-00C04F79EFBC}") = "Movie-Customer CodefirstApproach", "Movie-Customer CodefirstApproach\Movie-Customer CodefirstApproach.csproj", "{C438C0B9-1CEF-4BC5-AD13-E307F3B606DF}"
EndProject
Global
	GlobalSection(SolutionConfigurationPlatforms) = preSolution
		Debug|Any CPU = Debug|Any CPU
		Release|Any CPU = Release|Any CPU
	EndGlobalSection
	GlobalSection(ProjectConfigurationPlatforms) = postSolution
		{C438C0B9-1CEF-4BC5-AD13-E307F3B606DF}.Debug|Any CPU.ActiveCfg = Debug|Any CPU
		{C438C0B9-1CEF-4BC5-AD13-E307F3B606DF}.Debug|Any CPU.Build.0 = Debug|Any CPU
		{C438C0B9-1CEF-4BC5-AD13-E307F3B606DF}.Release|Any CPU.ActiveCfg = Release|Any CPU
		{C438C0B9-1CEF-4BC5-AD13-E307F3B606DF}.Release|Any CPU.Build.0 = Release|Any CPU
	EndGlobalSection
	GlobalSection(SolutionProperties) = preSolution
		HideSolutionNode = FALSE
	EndGlobalSection
	GlobalSection(ExtensibilityGlobals) = postSolution
		SolutionGuid = {81FC732F-717E-48FC-A22C-E241C321922E}
	EndGlobalSection
EndGlobal
